// !$*UTF8*$!
{
	archiveVersion = 1;
	classes = {
	};
	objectVersion = 46;
	objects = {

/* Begin PBXBuildFile section */
		A1B8EFB51D1CE1D400A884D0 /* main.m in Sources */ = {isa = PBXBuildFile; fileRef = A1B8EFB41D1CE1D400A884D0 /* main.m */; };
		A1B8EFB81D1CE1D400A884D0 /* AppDelegate.m in Sources */ = {isa = PBXBuildFile; fileRef = A1B8EFB71D1CE1D400A884D0 /* AppDelegate.m */; };
		A1B8EFBB1D1CE1D400A884D0 /* ViewController.m in Sources */ = {isa = PBXBuildFile; fileRef = A1B8EFBA1D1CE1D400A884D0 /* ViewController.m */; };
		A1B8EFBE1D1CE1D400A884D0 /* Main.storyboard in Resources */ = {isa = PBXBuildFile; fileRef = A1B8EFBC1D1CE1D400A884D0 /* Main.storyboard */; };
		A1B8EFC01D1CE1D400A884D0 /* Assets.xcassets in Resources */ = {isa = PBXBuildFile; fileRef = A1B8EFBF1D1CE1D400A884D0 /* Assets.xcassets */; };
		A1B8EFC31D1CE1D400A884D0 /* LaunchScreen.storyboard in Resources */ = {isa = PBXBuildFile; fileRef = A1B8EFC11D1CE1D400A884D0 /* LaunchScreen.storyboard */; };
		A1B8EFCE1D1CE1D400A884D0 /* ProjectHelium_DemoLightTests.m in Sources */ = {isa = PBXBuildFile; fileRef = A1B8EFCD1D1CE1D400A884D0 /* ProjectHelium_DemoLightTests.m */; };
		A1B8EFD91D1CE1D400A884D0 /* ProjectHelium_DemoLightUITests.m in Sources */ = {isa = PBXBuildFile; fileRef = A1B8EFD81D1CE1D400A884D0 /* ProjectHelium_DemoLightUITests.m */; };
/* End PBXBuildFile section */

/* Begin PBXContainerItemProxy section */
		A1B8EFCA1D1CE1D400A884D0 /* PBXContainerItemProxy */ = {
			isa = PBXContainerItemProxy;
			containerPortal = A1B8EFA81D1CE1D400A884D0 /* Project object */;
			proxyType = 1;
			remoteGlobalIDString = A1B8EFAF1D1CE1D400A884D0;
			remoteInfo = "ProjectHelium-DemoLight";
		};
		A1B8EFD51D1CE1D400A884D0 /* PBXContainerItemProxy */ = {
			isa = PBXContainerItemProxy;
			containerPortal = A1B8EFA81D1CE1D400A884D0 /* Project object */;
			proxyType = 1;
			remoteGlobalIDString = A1B8EFAF1D1CE1D400A884D0;
			remoteInfo = "ProjectHelium-DemoLight";
		};
/* End PBXContainerItemProxy section */

/* Begin PBXFileReference section */
		A1B8EFB01D1CE1D400A884D0 /* ProjectHelium-DemoLight.app */ = {isa = PBXFileReference; explicitFileType = wrapper.application; includeInIndex = 0; path = "ProjectHelium-DemoLight.app"; sourceTree = BUILT_PRODUCTS_DIR; };
		A1B8EFB41D1CE1D400A884D0 /* main.m */ = {isa = PBXFileReference; lastKnownFileType = sourcecode.c.objc; path = main.m; sourceTree = "<group>"; };
		A1B8EFB61D1CE1D400A884D0 /* AppDelegate.h */ = {isa = PBXFileReference; lastKnownFileType = sourcecode.c.h; path = AppDelegate.h; sourceTree = "<group>"; };
		A1B8EFB71D1CE1D400A884D0 /* AppDelegate.m */ = {isa = PBXFileReference; lastKnownFileType = sourcecode.c.objc; path = AppDelegate.m; sourceTree = "<group>"; };
		A1B8EFB91D1CE1D400A884D0 /* ViewController.h */ = {isa = PBXFileReference; lastKnownFileType = sourcecode.c.h; path = ViewController.h; sourceTree = "<group>"; };
		A1B8EFBA1D1CE1D400A884D0 /* ViewController.m */ = {isa = PBXFileReference; lastKnownFileType = sourcecode.c.objc; path = ViewController.m; sourceTree = "<group>"; };
		A1B8EFBD1D1CE1D400A884D0 /* Base */ = {isa = PBXFileReference; lastKnownFileType = file.storyboard; name = Base; path = Base.lproj/Main.storyboard; sourceTree = "<group>"; };
		A1B8EFBF1D1CE1D400A884D0 /* Assets.xcassets */ = {isa = PBXFileReference; lastKnownFileType = folder.assetcatalog; path = Assets.xcassets; sourceTree = "<group>"; };
		A1B8EFC21D1CE1D400A884D0 /* Base */ = {isa = PBXFileReference; lastKnownFileType = file.storyboard; name = Base; path = Base.lproj/LaunchScreen.storyboard; sourceTree = "<group>"; };
		A1B8EFC41D1CE1D400A884D0 /* Info.plist */ = {isa = PBXFileReference; lastKnownFileType = text.plist.xml; path = Info.plist; sourceTree = "<group>"; };
		A1B8EFC91D1CE1D400A884D0 /* ProjectHelium-DemoLightTests.xctest */ = {isa = PBXFileReference; explicitFileType = wrapper.cfbundle; includeInIndex = 0; path = "ProjectHelium-DemoLightTests.xctest"; sourceTree = BUILT_PRODUCTS_DIR; };
		A1B8EFCD1D1CE1D400A884D0 /* ProjectHelium_DemoLightTests.m */ = {isa = PBXFileReference; lastKnownFileType = sourcecode.c.objc; path = ProjectHelium_DemoLightTests.m; sourceTree = "<group>"; };
		A1B8EFCF1D1CE1D400A884D0 /* Info.plist */ = {isa = PBXFileReference; lastKnownFileType = text.plist.xml; path = Info.plist; sourceTree = "<group>"; };
		A1B8EFD41D1CE1D400A884D0 /* ProjectHelium-DemoLightUITests.xctest */ = {isa = PBXFileReference; explicitFileType = wrapper.cfbundle; includeInIndex = 0; path = "ProjectHelium-DemoLightUITests.xctest"; sourceTree = BUILT_PRODUCTS_DIR; };
		A1B8EFD81D1CE1D400A884D0 /* ProjectHelium_DemoLightUITests.m */ = {isa = PBXFileReference; lastKnownFileType = sourcecode.c.objc; path = ProjectHelium_DemoLightUITests.m; sourceTree = "<group>"; };
		A1B8EFDA1D1CE1D400A884D0 /* Info.plist */ = {isa = PBXFileReference; lastKnownFileType = text.plist.xml; path = Info.plist; sourceTree = "<group>"; };
/* End PBXFileReference section */

/* Begin PBXFrameworksBuildPhase section */
		A1B8EFAD1D1CE1D400A884D0 /* Frameworks */ = {
			isa = PBXFrameworksBuildPhase;
			buildActionMask = 2147483647;
			files = (
			);
			runOnlyForDeploymentPostprocessing = 0;
		};
		A1B8EFC61D1CE1D400A884D0 /* Frameworks */ = {
			isa = PBXFrameworksBuildPhase;
			buildActionMask = 2147483647;
			files = (
			);
			runOnlyForDeploymentPostprocessing = 0;
		};
		A1B8EFD11D1CE1D400A884D0 /* Frameworks */ = {
			isa = PBXFrameworksBuildPhase;
			buildActionMask = 2147483647;
			files = (
			);
			runOnlyForDeploymentPostprocessing = 0;
		};
/* End PBXFrameworksBuildPhase section */

/* Begin PBXGroup section */
		A1B8EFA71D1CE1D400A884D0 = {
			isa = PBXGroup;
			children = (
				A1B8EFB21D1CE1D400A884D0 /* ProjectHelium-DemoLight */,
				A1B8EFCC1D1CE1D400A884D0 /* ProjectHelium-DemoLightTests */,
				A1B8EFD71D1CE1D400A884D0 /* ProjectHelium-DemoLightUITests */,
				A1B8EFB11D1CE1D400A884D0 /* Products */,
			);
			sourceTree = "<group>";
		};
		A1B8EFB11D1CE1D400A884D0 /* Products */ = {
			isa = PBXGroup;
			children = (
				A1B8EFB01D1CE1D400A884D0 /* ProjectHelium-DemoLight.app */,
				A1B8EFC91D1CE1D400A884D0 /* ProjectHelium-DemoLightTests.xctest */,
				A1B8EFD41D1CE1D400A884D0 /* ProjectHelium-DemoLightUITests.xctest */,
			);
			name = Products;
			sourceTree = "<group>";
		};
		A1B8EFB21D1CE1D400A884D0 /* ProjectHelium-DemoLight */ = {
			isa = PBXGroup;
			children = (
				A1B8EFB61D1CE1D400A884D0 /* AppDelegate.h */,
				A1B8EFB71D1CE1D400A884D0 /* AppDelegate.m */,
				A1B8EFB91D1CE1D400A884D0 /* ViewController.h */,
				A1B8EFBA1D1CE1D400A884D0 /* ViewController.m */,
				A1B8EFBC1D1CE1D400A884D0 /* Main.storyboard */,
				A1B8EFBF1D1CE1D400A884D0 /* Assets.xcassets */,
				A1B8EFC11D1CE1D400A884D0 /* LaunchScreen.storyboard */,
				A1B8EFC41D1CE1D400A884D0 /* Info.plist */,
				A1B8EFB31D1CE1D400A884D0 /* Supporting Files */,
			);
			path = "ProjectHelium-DemoLight";
			sourceTree = "<group>";
		};
		A1B8EFB31D1CE1D400A884D0 /* Supporting Files */ = {
			isa = PBXGroup;
			children = (
				A1B8EFB41D1CE1D400A884D0 /* main.m */,
			);
			name = "Supporting Files";
			sourceTree = "<group>";
		};
		A1B8EFCC1D1CE1D400A884D0 /* ProjectHelium-DemoLightTests */ = {
			isa = PBXGroup;
			children = (
				A1B8EFCD1D1CE1D400A884D0 /* ProjectHelium_DemoLightTests.m */,
				A1B8EFCF1D1CE1D400A884D0 /* Info.plist */,
			);
			path = "ProjectHelium-DemoLightTests";
			sourceTree = "<group>";
		};
		A1B8EFD71D1CE1D400A884D0 /* ProjectHelium-DemoLightUITests */ = {
			isa = PBXGroup;
			children = (
				A1B8EFD81D1CE1D400A884D0 /* ProjectHelium_DemoLightUITests.m */,
				A1B8EFDA1D1CE1D400A884D0 /* Info.plist */,
			);
			path = "ProjectHelium-DemoLightUITests";
			sourceTree = "<group>";
		};
/* End PBXGroup section */

/* Begin PBXNativeTarget section */
		A1B8EFAF1D1CE1D400A884D0 /* ProjectHelium-DemoLight */ = {
			isa = PBXNativeTarget;
			buildConfigurationList = A1B8EFDD1D1CE1D400A884D0 /* Build configuration list for PBXNativeTarget "ProjectHelium-DemoLight" */;
			buildPhases = (
				A1B8EFAC1D1CE1D400A884D0 /* Sources */,
				A1B8EFAD1D1CE1D400A884D0 /* Frameworks */,
				A1B8EFAE1D1CE1D400A884D0 /* Resources */,
			);
			buildRules = (
			);
			dependencies = (
			);
			name = "ProjectHelium-DemoLight";
			productName = "ProjectHelium-DemoLight";
			productReference = A1B8EFB01D1CE1D400A884D0 /* ProjectHelium-DemoLight.app */;
			productType = "com.apple.product-type.application";
		};
		A1B8EFC81D1CE1D400A884D0 /* ProjectHelium-DemoLightTests */ = {
			isa = PBXNativeTarget;
			buildConfigurationList = A1B8EFE01D1CE1D400A884D0 /* Build configuration list for PBXNativeTarget "ProjectHelium-DemoLightTests" */;
			buildPhases = (
				A1B8EFC51D1CE1D400A884D0 /* Sources */,
				A1B8EFC61D1CE1D400A884D0 /* Frameworks */,
				A1B8EFC71D1CE1D400A884D0 /* Resources */,
			);
			buildRules = (
			);
			dependencies = (
				A1B8EFCB1D1CE1D400A884D0 /* PBXTargetDependency */,
			);
			name = "ProjectHelium-DemoLightTests";
			productName = "ProjectHelium-DemoLightTests";
			productReference = A1B8EFC91D1CE1D400A884D0 /* ProjectHelium-DemoLightTests.xctest */;
			productType = "com.apple.product-type.bundle.unit-test";
		};
		A1B8EFD31D1CE1D400A884D0 /* ProjectHelium-DemoLightUITests */ = {
			isa = PBXNativeTarget;
			buildConfigurationList = A1B8EFE31D1CE1D400A884D0 /* Build configuration list for PBXNativeTarget "ProjectHelium-DemoLightUITests" */;
			buildPhases = (
				A1B8EFD01D1CE1D400A884D0 /* Sources */,
				A1B8EFD11D1CE1D400A884D0 /* Frameworks */,
				A1B8EFD21D1CE1D400A884D0 /* Resources */,
			);
			buildRules = (
			);
			dependencies = (
				A1B8EFD61D1CE1D400A884D0 /* PBXTargetDependency */,
			);
			name = "ProjectHelium-DemoLightUITests";
			productName = "ProjectHelium-DemoLightUITests";
			productReference = A1B8EFD41D1CE1D400A884D0 /* ProjectHelium-DemoLightUITests.xctest */;
			productType = "com.apple.product-type.bundle.ui-testing";
		};
/* End PBXNativeTarget section */

/* Begin PBXProject section */
		A1B8EFA81D1CE1D400A884D0 /* Project object */ = {
			isa = PBXProject;
			attributes = {
				LastUpgradeCheck = 0800;
				ORGANIZATIONNAME = IntBridge;
				TargetAttributes = {
					A1B8EFAF1D1CE1D400A884D0 = {
						CreatedOnToolsVersion = 8.0;
						DevelopmentTeam = 297LS67QZ8;
						DevelopmentTeamName = "Yan Bonan";
						ProvisioningStyle = Automatic;
					};
					A1B8EFC81D1CE1D400A884D0 = {
						CreatedOnToolsVersion = 8.0;
						DevelopmentTeam = 297LS67QZ8;
						DevelopmentTeamName = "Yan Bonan";
						ProvisioningStyle = Automatic;
						TestTargetID = A1B8EFAF1D1CE1D400A884D0;
					};
					A1B8EFD31D1CE1D400A884D0 = {
						CreatedOnToolsVersion = 8.0;
						DevelopmentTeam = 297LS67QZ8;
						DevelopmentTeamName = "Yan Bonan";
						ProvisioningStyle = Automatic;
						TestTargetID = A1B8EFAF1D1CE1D400A884D0;
					};
				};
			};
			buildConfigurationList = A1B8EFAB1D1CE1D400A884D0 /* Build configuration list for PBXProject "ProjectHelium-DemoLight" */;
			compatibilityVersion = "Xcode 3.2";
			developmentRegion = English;
			hasScannedForEncodings = 0;
			knownRegions = (
				en,
				Base,
			);
			mainGroup = A1B8EFA71D1CE1D400A884D0;
			productRefGroup = A1B8EFB11D1CE1D400A884D0 /* Products */;
			projectDirPath = "";
			projectRoot = "";
			targets = (
				A1B8EFAF1D1CE1D400A884D0 /* ProjectHelium-DemoLight */,
				A1B8EFC81D1CE1D400A884D0 /* ProjectHelium-DemoLightTests */,
				A1B8EFD31D1CE1D400A884D0 /* ProjectHelium-DemoLightUITests */,
			);
		};
/* End PBXProject section */

/* Begin PBXResourcesBuildPhase section */
		A1B8EFAE1D1CE1D400A884D0 /* Resources */ = {
			isa = PBXResourcesBuildPhase;
			buildActionMask = 2147483647;
			files = (
				A1B8EFC31D1CE1D400A884D0 /* LaunchScreen.storyboard in Resources */,
				A1B8EFC01D1CE1D400A884D0 /* Assets.xcassets in Resources */,
				A1B8EFBE1D1CE1D400A884D0 /* Main.storyboard in Resources */,
			);
			runOnlyForDeploymentPostprocessing = 0;
		};
		A1B8EFC71D1CE1D400A884D0 /* Resources */ = {
			isa = PBXResourcesBuildPhase;
			buildActionMask = 2147483647;
			files = (
			);
			runOnlyForDeploymentPostprocessing = 0;
		};
		A1B8EFD21D1CE1D400A884D0 /* Resources */ = {
			isa = PBXResourcesBuildPhase;
			buildActionMask = 2147483647;
			files = (
			);
			runOnlyForDeploymentPostprocessing = 0;
		};
/* End PBXResourcesBuildPhase section */

/* Begin PBXSourcesBuildPhase section */
		A1B8EFAC1D1CE1D400A884D0 /* Sources */ = {
			isa = PBXSourcesBuildPhase;
			buildActionMask = 2147483647;
			files = (
				A1B8EFBB1D1CE1D400A884D0 /* ViewController.m in Sources */,
				A1B8EFB81D1CE1D400A884D0 /* AppDelegate.m in Sources */,
				A1B8EFB51D1CE1D400A884D0 /* main.m in Sources */,
			);
			runOnlyForDeploymentPostprocessing = 0;
		};
		A1B8EFC51D1CE1D400A884D0 /* Sources */ = {
			isa = PBXSourcesBuildPhase;
			buildActionMask = 2147483647;
			files = (
				A1B8EFCE1D1CE1D400A884D0 /* ProjectHelium_DemoLightTests.m in Sources */,
			);
			runOnlyForDeploymentPostprocessing = 0;
		};
		A1B8EFD01D1CE1D400A884D0 /* Sources */ = {
			isa = PBXSourcesBuildPhase;
			buildActionMask = 2147483647;
			files = (
				A1B8EFD91D1CE1D400A884D0 /* ProjectHelium_DemoLightUITests.m in Sources */,
			);
			runOnlyForDeploymentPostprocessing = 0;
		};
/* End PBXSourcesBuildPhase section */

/* Begin PBXTargetDependency section */
		A1B8EFCB1D1CE1D400A884D0 /* PBXTargetDependency */ = {
			isa = PBXTargetDependency;
			target = A1B8EFAF1D1CE1D400A884D0 /* ProjectHelium-DemoLight */;
			targetProxy = A1B8EFCA1D1CE1D400A884D0 /* PBXContainerItemProxy */;
		};
		A1B8EFD61D1CE1D400A884D0 /* PBXTargetDependency */ = {
			isa = PBXTargetDependency;
			target = A1B8EFAF1D1CE1D400A884D0 /* ProjectHelium-DemoLight */;
			targetProxy = A1B8EFD51D1CE1D400A884D0 /* PBXContainerItemProxy */;
		};
/* End PBXTargetDependency section */

/* Begin PBXVariantGroup section */
		A1B8EFBC1D1CE1D400A884D0 /* Main.storyboard */ = {
			isa = PBXVariantGroup;
			children = (
				A1B8EFBD1D1CE1D400A884D0 /* Base */,
			);
			name = Main.storyboard;
			sourceTree = "<group>";
		};
		A1B8EFC11D1CE1D400A884D0 /* LaunchScreen.storyboard */ = {
			isa = PBXVariantGroup;
			children = (
				A1B8EFC21D1CE1D400A884D0 /* Base */,
			);
			name = LaunchScreen.storyboard;
			sourceTree = "<group>";
		};
/* End PBXVariantGroup section */

/* Begin XCBuildConfiguration section */
		A1B8EFDB1D1CE1D400A884D0 /* Debug */ = {
			isa = XCBuildConfiguration;
			buildSettings = {
				ALWAYS_SEARCH_USER_PATHS = NO;
				CLANG_ANALYZER_NONNULL = YES;
				CLANG_CXX_LANGUAGE_STANDARD = "gnu++0x";
				CLANG_CXX_LIBRARY = "libc++";
				CLANG_ENABLE_MODULES = YES;
				CLANG_ENABLE_OBJC_ARC = YES;
				CLANG_WARN_BOOL_CONVERSION = YES;
				CLANG_WARN_CONSTANT_CONVERSION = YES;
				CLANG_WARN_DIRECT_OBJC_ISA_USAGE = YES_ERROR;
				CLANG_WARN_DOCUMENTATION_COMMENTS = YES;
				CLANG_WARN_EMPTY_BODY = YES;
				CLANG_WARN_ENUM_CONVERSION = YES;
				CLANG_WARN_INT_CONVERSION = YES;
				CLANG_WARN_OBJC_ROOT_CLASS = YES_ERROR;
				CLANG_WARN_UNREACHABLE_CODE = YES;
				CLANG_WARN__DUPLICATE_METHOD_MATCH = YES;
				"CODE_SIGN_IDENTITY[sdk=iphoneos*]" = "iPhone Developer";
				COPY_PHASE_STRIP = NO;
				DEBUG_INFORMATION_FORMAT = dwarf;
				ENABLE_STRICT_OBJC_MSGSEND = YES;
				ENABLE_TESTABILITY = YES;
				GCC_C_LANGUAGE_STANDARD = gnu99;
				GCC_DYNAMIC_NO_PIC = NO;
				GCC_NO_COMMON_BLOCKS = YES;
				GCC_OPTIMIZATION_LEVEL = 0;
				GCC_PREPROCESSOR_DEFINITIONS = (
					"DEBUG=1",
					"$(inherited)",
				);
				GCC_WARN_64_TO_32_BIT_CONVERSION = YES;
				GCC_WARN_ABOUT_RETURN_TYPE = YES_ERROR;
				GCC_WARN_UNDECLARED_SELECTOR = YES;
				GCC_WARN_UNINITIALIZED_AUTOS = YES_AGGRESSIVE;
				GCC_WARN_UNUSED_FUNCTION = YES;
				GCC_WARN_UNUSED_VARIABLE = YES;
				IPHONEOS_DEPLOYMENT_TARGET = 10.0;
				MTL_ENABLE_DEBUG_INFO = YES;
				ONLY_ACTIVE_ARCH = YES;
				SDKROOT = iphoneos;
				TARGETED_DEVICE_FAMILY = "1,2";
			};
			name = Debug;
		};
		A1B8EFDC1D1CE1D400A884D0 /* Release */ = {
			isa = XCBuildConfiguration;
			buildSettings = {
				ALWAYS_SEARCH_USER_PATHS = NO;
				CLANG_ANALYZER_NONNULL = YES;
				CLANG_CXX_LANGUAGE_STANDARD = "gnu++0x";
				CLANG_CXX_LIBRARY = "libc++";
				CLANG_ENABLE_MODULES = YES;
				CLANG_ENABLE_OBJC_ARC = YES;
				CLANG_WARN_BOOL_CONVERSION = YES;
				CLANG_WARN_CONSTANT_CONVERSION = YES;
				CLANG_WARN_DIRECT_OBJC_ISA_USAGE = YES_ERROR;
				CLANG_WARN_DOCUMENTATION_COMMENTS = YES;
				CLANG_WARN_EMPTY_BODY = YES;
				CLANG_WARN_ENUM_CONVERSION = YES;
				CLANG_WARN_INT_CONVERSION = YES;
				CLANG_WARN_OBJC_ROOT_CLASS = YES_ERROR;
				CLANG_WARN_UNREACHABLE_CODE = YES;
				CLANG_WARN__DUPLICATE_METHOD_MATCH = YES;
				"CODE_SIGN_IDENTITY[sdk=iphoneos*]" = "iPhone Developer";
				COPY_PHASE_STRIP = NO;
				DEBUG_INFORMATION_FORMAT = "dwarf-with-dsym";
				ENABLE_NS_ASSERTIONS = NO;
				ENABLE_STRICT_OBJC_MSGSEND = YES;
				GCC_C_LANGUAGE_STANDARD = gnu99;
				GCC_NO_COMMON_BLOCKS = YES;
				GCC_WARN_64_TO_32_BIT_CONVERSION = YES;
				GCC_WARN_ABOUT_RETURN_TYPE = YES_ERROR;
				GCC_WARN_UNDECLARED_SELECTOR = YES;
				GCC_WARN_UNINITIALIZED_AUTOS = YES_AGGRESSIVE;
				GCC_WARN_UNUSED_FUNCTION = YES;
				GCC_WARN_UNUSED_VARIABLE = YES;
				IPHONEOS_DEPLOYMENT_TARGET = 10.0;
				MTL_ENABLE_DEBUG_INFO = NO;
				SDKROOT = iphoneos;
				TARGETED_DEVICE_FAMILY = "1,2";
				VALIDATE_PRODUCT = YES;
			};
			name = Release;
		};
		A1B8EFDE1D1CE1D400A884D0 /* Debug */ = {
			isa = XCBuildConfiguration;
			buildSettings = {
				ASSETCATALOG_COMPILER_APPICON_NAME = AppIcon;
				INFOPLIST_FILE = "ProjectHelium-DemoLight/Info.plist";
				LD_RUNPATH_SEARCH_PATHS = "$(inherited) @executable_path/Frameworks";
				PRODUCT_BUNDLE_IDENTIFIER = "IB.ProjectHelium-DemoLight";
				PRODUCT_NAME = "$(TARGET_NAME)";
			};
			name = Debug;
		};
		A1B8EFDF1D1CE1D400A884D0 /* Release */ = {
			isa = XCBuildConfiguration;
			buildSettings = {
				ASSETCATALOG_COMPILER_APPICON_NAME = AppIcon;
				INFOPLIST_FILE = "ProjectHelium-DemoLight/Info.plist";
				LD_RUNPATH_SEARCH_PATHS = "$(inherited) @executable_path/Frameworks";
				PRODUCT_BUNDLE_IDENTIFIER = "IB.ProjectHelium-DemoLight";
				PRODUCT_NAME = "$(TARGET_NAME)";
			};
			name = Release;
		};
		A1B8EFE11D1CE1D400A884D0 /* Debug */ = {
			isa = XCBuildConfiguration;
			buildSettings = {
				BUNDLE_LOADER = "$(TEST_HOST)";
				INFOPLIST_FILE = "ProjectHelium-DemoLightTests/Info.plist";
				LD_RUNPATH_SEARCH_PATHS = "$(inherited) @executable_path/Frameworks @loader_path/Frameworks";
				PRODUCT_BUNDLE_IDENTIFIER = "IB.ProjectHelium-DemoLightTests";
				PRODUCT_NAME = "$(TARGET_NAME)";
				TEST_HOST = "$(BUILT_PRODUCTS_DIR)/ProjectHelium-DemoLight.app/ProjectHelium-DemoLight";
			};
			name = Debug;
		};
		A1B8EFE21D1CE1D400A884D0 /* Release */ = {
			isa = XCBuildConfiguration;
			buildSettings = {
				BUNDLE_LOADER = "$(TEST_HOST)";
				INFOPLIST_FILE = "ProjectHelium-DemoLightTests/Info.plist";
				LD_RUNPATH_SEARCH_PATHS = "$(inherited) @executable_path/Frameworks @loader_path/Frameworks";
				PRODUCT_BUNDLE_IDENTIFIER = "IB.ProjectHelium-DemoLightTests";
				PRODUCT_NAME = "$(TARGET_NAME)";
				TEST_HOST = "$(BUILT_PRODUCTS_DIR)/ProjectHelium-DemoLight.app/ProjectHelium-DemoLight";
			};
			name = Release;
		};
		A1B8EFE41D1CE1D400A884D0 /* Debug */ = {
			isa = XCBuildConfiguration;
			buildSettings = {
				INFOPLIST_FILE = "ProjectHelium-DemoLightUITests/Info.plist";
				LD_RUNPATH_SEARCH_PATHS = "$(inherited) @executable_path/Frameworks @loader_path/Frameworks";
				PRODUCT_BUNDLE_IDENTIFIER = "IB.ProjectHelium-DemoLightUITests";
				PRODUCT_NAME = "$(TARGET_NAME)";
				TEST_TARGET_NAME = "ProjectHelium-DemoLight";
			};
			name = Debug;
		};
		A1B8EFE51D1CE1D400A884D0 /* Release */ = {
			isa = XCBuildConfiguration;
			buildSettings = {
				INFOPLIST_FILE = "ProjectHelium-DemoLightUITests/Info.plist";
				LD_RUNPATH_SEARCH_PATHS = "$(inherited) @executable_path/Frameworks @loader_path/Frameworks";
				PRODUCT_BUNDLE_IDENTIFIER = "IB.ProjectHelium-DemoLightUITests";
				PRODUCT_NAME = "$(TARGET_NAME)";
				TEST_TARGET_NAME = "ProjectHelium-DemoLight";
			};
			name = Release;
		};
/* End XCBuildConfiguration section */

/* Begin XCConfigurationList section */
		A1B8EFAB1D1CE1D400A884D0 /* Build configuration list for PBXProject "ProjectHelium-DemoLight" */ = {
			isa = XCConfigurationList;
			buildConfigurations = (
				A1B8EFDB1D1CE1D400A884D0 /* Debug */,
				A1B8EFDC1D1CE1D400A884D0 /* Release */,
			);
			defaultConfigurationIsVisible = 0;
			defaultConfigurationName = Release;
		};
		A1B8EFDD1D1CE1D400A884D0 /* Build configuration list for PBXNativeTarget "ProjectHelium-DemoLight" */ = {
			isa = XCConfigurationList;
			buildConfigurations = (
				A1B8EFDE1D1CE1D400A884D0 /* Debug */,
				A1B8EFDF1D1CE1D400A884D0 /* Release */,
			);
			defaultConfigurationIsVisible = 0;
		};
		A1B8EFE01D1CE1D400A884D0 /* Build configuration list for PBXNativeTarget "ProjectHelium-DemoLightTests" */ = {
			isa = XCConfigurationList;
			buildConfigurations = (
				A1B8EFE11D1CE1D400A884D0 /* Debug */,
				A1B8EFE21D1CE1D400A884D0 /* Release */,
			);
			defaultConfigurationIsVisible = 0;
		};
		A1B8EFE31D1CE1D400A884D0 /* Build configuration list for PBXNativeTarget "ProjectHelium-DemoLightUITests" */ = {
			isa = XCConfigurationList;
			buildConfigurations = (
				A1B8EFE41D1CE1D400A884D0 /* Debug */,
				A1B8EFE51D1CE1D400A884D0 /* Release */,
			);
			defaultConfigurationIsVisible = 0;
		};
/* End XCConfigurationList section */
	};
	rootObject = A1B8EFA81D1CE1D400A884D0 /* Project object */;
}
